Microsoft Visual Studio Solution File, Format Version 12.00
# Visual Studio 14
VisualStudioVersion = 14.0.25420.0
MinimumVisualStudioVersion = 10.0.40219.1
Project("{FAE04EC0-301F-11D3-BF4B-00C04F79EFBC}") = "IsProc64", "IsProc64\IsProc64.csproj", "{92139C97-AE96-4678-A2EF-469517670F50}"
EndProject
Global
	GlobalSection(SolutionConfigurationPlatforms) = preSolution
		Debug|Any CPU = Debug|Any CPU
		Release|Any CPU = Release|Any CPU
	EndGlobalSection
	GlobalSection(ProjectConfigurationPlatforms) = postSolution
		{92139C97-AE96-4678-A2EF-469517670F50}.Debug|Any CPU.ActiveCfg = Debug|Any CPU
		{92139C97-AE96-4678-A2EF-469517670F50}.Debug|Any CPU.Build.0 = Debug|Any CPU
		{92139C97-AE96-4678-A2EF-469517670F50}.Release|Any CPU.ActiveCfg = Release|Any CPU
		{92139C97-AE96-4678-A2EF-469517670F50}.Release|Any CPU.Build.0 = Release|Any CPU
	EndGlobalSection
	GlobalSection(SolutionProperties) = preSolution
		HideSolutionNode = FALSE
	EndGlobalSection
EndGlobal
